Microsoft Visual Studio Solution File, Format Version 12.00
# Visual Studio Version 17
VisualStudioVersion = 17.5.2.0
MinimumVisualStudioVersion = 10.0.40219.1
Project("{FAE04EC0-301F-11D3-BF4B-00C04F79EFBC}") = "Ejercicio01", "Ejercicio01\Ejercicio01.csproj", "{5E9A5D4A-D9E8-4AA9-B3A0-6AF998B11EEE}"
EndProject
Project("{2150E333-8FDC-42A3-9474-1A3956D46DE8}") = "Ejercicio02", "Ejercicio02", "{286AE193-B8CE-C21C-F0D8-2F9627DF6EEB}"
EndProject
Project("{2150E333-8FDC-42A3-9474-1A3956D46DE8}") = "Ejercicio03", "Ejercicio03", "{5F6DCEC7-4C02-5555-0358-AEB769E9C1D1}"
EndProject
Project("{2150E333-8FDC-42A3-9474-1A3956D46DE8}") = "Ejercicio04", "Ejercicio04", "{E2C5C80D-7415-F608-AE5F-62FBE142DE38}"
EndProject
Project("{2150E333-8FDC-42A3-9474-1A3956D46DE8}") = "Ejercicio05", "Ejercicio05", "{06E22621-545A-08A4-0120-899E14F6F87E}"
EndProject
Project("{FAE04EC0-301F-11D3-BF4B-00C04F79EFBC}") = "Ejercicio05", "Ejercicio02\Ejercicio05.csproj", "{2EB0DCD5-98A3-4DA4-0B75-969CB13DF6D2}"
EndProject
Project("{FAE04EC0-301F-11D3-BF4B-00C04F79EFBC}") = "Ejercicio08", "Ejercicio03\Ejercicio08.csproj", "{54D8EA60-1251-FD7D-EE8F-12ED14C11A8A}"
EndProject
Project("{FAE04EC0-301F-11D3-BF4B-00C04F79EFBC}") = "Ejercicio09", "Ejercicio04\Ejercicio09.csproj", "{812E1F06-5251-8771-E659-A4FF44267C1F}"
EndProject
Project("{FAE04EC0-301F-11D3-BF4B-00C04F79EFBC}") = "Ejercicio10", "Ejercicio05\Ejercicio10.csproj", "{DBD16EA3-8AB6-91CD-9ED4-06217FDA46F5}"
EndProject
Global
	GlobalSection(SolutionConfigurationPlatforms) = preSolution
		Debug|Any CPU = Debug|Any CPU
		Release|Any CPU = Release|Any CPU
	EndGlobalSection
	GlobalSection(ProjectConfigurationPlatforms) = postSolution
		{5E9A5D4A-D9E8-4AA9-B3A0-6AF998B11EEE}.Debug|Any CPU.ActiveCfg = Debug|Any CPU
		{5E9A5D4A-D9E8-4AA9-B3A0-6AF998B11EEE}.Debug|Any CPU.Build.0 = Debug|Any CPU
		{5E9A5D4A-D9E8-4AA9-B3A0-6AF998B11EEE}.Release|Any CPU.ActiveCfg = Release|Any CPU
		{5E9A5D4A-D9E8-4AA9-B3A0-6AF998B11EEE}.Release|Any CPU.Build.0 = Release|Any CPU
		{2EB0DCD5-98A3-4DA4-0B75-969CB13DF6D2}.Debug|Any CPU.ActiveCfg = Debug|Any CPU
		{2EB0DCD5-98A3-4DA4-0B75-969CB13DF6D2}.Debug|Any CPU.Build.0 = Debug|Any CPU
		{2EB0DCD5-98A3-4DA4-0B75-969CB13DF6D2}.Release|Any CPU.ActiveCfg = Release|Any CPU
		{2EB0DCD5-98A3-4DA4-0B75-969CB13DF6D2}.Release|Any CPU.Build.0 = Release|Any CPU
		{54D8EA60-1251-FD7D-EE8F-12ED14C11A8A}.Debug|Any CPU.ActiveCfg = Debug|Any CPU
		{54D8EA60-1251-FD7D-EE8F-12ED14C11A8A}.Debug|Any CPU.Build.0 = Debug|Any CPU
		{54D8EA60-1251-FD7D-EE8F-12ED14C11A8A}.Release|Any CPU.ActiveCfg = Release|Any CPU
		{54D8EA60-1251-FD7D-EE8F-12ED14C11A8A}.Release|Any CPU.Build.0 = Release|Any CPU
		{812E1F06-5251-8771-E659-A4FF44267C1F}.Debug|Any CPU.ActiveCfg = Debug|Any CPU
		{812E1F06-5251-8771-E659-A4FF44267C1F}.Debug|Any CPU.Build.0 = Debug|Any CPU
		{812E1F06-5251-8771-E659-A4FF44267C1F}.Release|Any CPU.ActiveCfg = Release|Any CPU
		{812E1F06-5251-8771-E659-A4FF44267C1F}.Release|Any CPU.Build.0 = Release|Any CPU
		{DBD16EA3-8AB6-91CD-9ED4-06217FDA46F5}.Debug|Any CPU.ActiveCfg = Debug|Any CPU
		{DBD16EA3-8AB6-91CD-9ED4-06217FDA46F5}.Debug|Any CPU.Build.0 = Debug|Any CPU
		{DBD16EA3-8AB6-91CD-9ED4-06217FDA46F5}.Release|Any CPU.ActiveCfg = Release|Any CPU
		{DBD16EA3-8AB6-91CD-9ED4-06217FDA46F5}.Release|Any CPU.Build.0 = Release|Any CPU
	EndGlobalSection
	GlobalSection(SolutionProperties) = preSolution
		HideSolutionNode = FALSE
	EndGlobalSection
	GlobalSection(NestedProjects) = preSolution
		{2EB0DCD5-98A3-4DA4-0B75-969CB13DF6D2} = {286AE193-B8CE-C21C-F0D8-2F9627DF6EEB}
		{54D8EA60-1251-FD7D-EE8F-12ED14C11A8A} = {5F6DCEC7-4C02-5555-0358-AEB769E9C1D1}
		{812E1F06-5251-8771-E659-A4FF44267C1F} = {E2C5C80D-7415-F608-AE5F-62FBE142DE38}
		{DBD16EA3-8AB6-91CD-9ED4-06217FDA46F5} = {06E22621-545A-08A4-0120-899E14F6F87E}
	EndGlobalSection
	GlobalSection(ExtensibilityGlobals) = postSolution
		SolutionGuid = {F602A80B-1335-4C7A-9B61-9D1419879D63}
	EndGlobalSection
EndGlobal
