Microsoft Visual Studio Solution File, Format Version 12.00
# Visual Studio Version 17
VisualStudioVersion = 17.5.2.0
MinimumVisualStudioVersion = 10.0.40219.1
Project("{FAE04EC0-301F-11D3-BF4B-00C04F79EFBC}") = "TAREAS2526", "TAREAS2526.csproj", "{BC64C1B5-0766-B27D-7382-75F8A2ECC225}"
EndProject
Global
	GlobalSection(SolutionConfigurationPlatforms) = preSolution
		Debug|Any CPU = Debug|Any CPU
		Release|Any CPU = Release|Any CPU
	EndGlobalSection
	GlobalSection(ProjectConfigurationPlatforms) = postSolution
		{BC64C1B5-0766-B27D-7382-75F8A2ECC225}.Debug|Any CPU.ActiveCfg = Debug|Any CPU
		{BC64C1B5-0766-B27D-7382-75F8A2ECC225}.Debug|Any CPU.Build.0 = Debug|Any CPU
		{BC64C1B5-0766-B27D-7382-75F8A2ECC225}.Release|Any CPU.ActiveCfg = Release|Any CPU
		{BC64C1B5-0766-B27D-7382-75F8A2ECC225}.Release|Any CPU.Build.0 = Release|Any CPU
	EndGlobalSection
	GlobalSection(SolutionProperties) = preSolution
		HideSolutionNode = FALSE
	EndGlobalSection
	GlobalSection(ExtensibilityGlobals) = postSolution
		SolutionGuid = {D9B337BB-9BB7-4D8F-BD47-08F896DEA11A}
	EndGlobalSection
EndGlobal
